
Microsoft Visual Studio Solution File, Format Version 12.00
# Visual Studio Version 16
VisualStudioVersion = 16.0.28922.388
MinimumVisualStudioVersion = 10.0.40219.1
Project("{FAE04EC0-301F-11D3-BF4B-00C04F79EFBC}") = "Memecryptor", "Memecryptor\Memecryptor.csproj", "{C629F0E6-07DE-412E-94CA-F6F21B99869C}"
EndProject
Global
	GlobalSection(SolutionConfigurationPlatforms) = preSolution
		Debug|Any CPU = Debug|Any CPU
		Release|Any CPU = Release|Any CPU
	EndGlobalSection
	GlobalSection(ProjectConfigurationPlatforms) = postSolution
		{C629F0E6-07DE-412E-94CA-F6F21B99869C}.Debug|Any CPU.ActiveCfg = Debug|Any CPU
		{C629F0E6-07DE-412E-94CA-F6F21B99869C}.Debug|Any CPU.Build.0 = Debug|Any CPU
		{C629F0E6-07DE-412E-94CA-F6F21B99869C}.Release|Any CPU.ActiveCfg = Release|Any CPU
		{C629F0E6-07DE-412E-94CA-F6F21B99869C}.Release|Any CPU.Build.0 = Release|Any CPU
	EndGlobalSection
	GlobalSection(SolutionProperties) = preSolution
		HideSolutionNode = FALSE
	EndGlobalSection
	GlobalSection(ExtensibilityGlobals) = postSolution
		SolutionGuid = {AC5952F3-609C-4AE0-AF8B-27310AF3A494}
	EndGlobalSection
EndGlobal
